
Microsoft Visual Studio Solution File, Format Version 12.00
# Visual Studio Version 17
VisualStudioVersion = 17.3.32819.101
MinimumVisualStudioVersion = 10.0.40219.1
Project("{9A19103F-16F7-4668-BE54-9A1E7A4F7556}") = "MultiThreadingBasics", "MultiThreadingBasics\MultiThreadingBasics.csproj", "{AF8445BE-21D8-4238-BDE7-83A1E3336CF5}"
EndProject
Project("{FAE04EC0-301F-11D3-BF4B-00C04F79EFBC}") = "StartupApp", "StartupApp\StartupApp.csproj", "{9B5E7BCE-A498-4EBF-9069-8E7751032EC5}"
EndProject
Global
	GlobalSection(SolutionConfigurationPlatforms) = preSolution
		Debug|Any CPU = Debug|Any CPU
		Release|Any CPU = Release|Any CPU
	EndGlobalSection
	GlobalSection(ProjectConfigurationPlatforms) = postSolution
		{AF8445BE-21D8-4238-BDE7-83A1E3336CF5}.Debug|Any CPU.ActiveCfg = Debug|Any CPU
		{AF8445BE-21D8-4238-BDE7-83A1E3336CF5}.Debug|Any CPU.Build.0 = Debug|Any CPU
		{AF8445BE-21D8-4238-BDE7-83A1E3336CF5}.Release|Any CPU.ActiveCfg = Release|Any CPU
		{AF8445BE-21D8-4238-BDE7-83A1E3336CF5}.Release|Any CPU.Build.0 = Release|Any CPU
		{9B5E7BCE-A498-4EBF-9069-8E7751032EC5}.Debug|Any CPU.ActiveCfg = Debug|Any CPU
		{9B5E7BCE-A498-4EBF-9069-8E7751032EC5}.Debug|Any CPU.Build.0 = Debug|Any CPU
		{9B5E7BCE-A498-4EBF-9069-8E7751032EC5}.Release|Any CPU.ActiveCfg = Release|Any CPU
		{9B5E7BCE-A498-4EBF-9069-8E7751032EC5}.Release|Any CPU.Build.0 = Release|Any CPU
	EndGlobalSection
	GlobalSection(SolutionProperties) = preSolution
		HideSolutionNode = FALSE
	EndGlobalSection
	GlobalSection(ExtensibilityGlobals) = postSolution
		SolutionGuid = {13B381D5-C134-473B-B3A6-6D3325872679}
	EndGlobalSection
EndGlobal
